
Microsoft Visual Studio Solution File, Format Version 12.00
# Visual Studio Version 17
VisualStudioVersion = 17.1.32228.430
MinimumVisualStudioVersion = 10.0.40219.1
Project("{FAE04EC0-301F-11D3-BF4B-00C04F79EFBC}") = "API", "API\API.csproj", "{326DC114-9BCD-4A0F-89A6-77304166BF59}"
EndProject
Project("{9A19103F-16F7-4668-BE54-9A1E7A4F7556}") = "DataAccess", "DataAccess\DataAccess.csproj", "{8A0DBA11-CE94-4B79-B4EA-E16CD812FA5C}"
EndProject
Project("{FAE04EC0-301F-11D3-BF4B-00C04F79EFBC}") = "helpers", "helpers\helpers.csproj", "{3D981BBA-841E-4A33-9E1F-CB06FFB38D2F}"
EndProject
Project("{FAE04EC0-301F-11D3-BF4B-00C04F79EFBC}") = "models", "models\models.csproj", "{4A3F7433-6126-42B9-8B32-9974D9D8A0A9}"
EndProject
Global
	GlobalSection(SolutionConfigurationPlatforms) = preSolution
		Debug|Any CPU = Debug|Any CPU
		Release|Any CPU = Release|Any CPU
	EndGlobalSection
	GlobalSection(ProjectConfigurationPlatforms) = postSolution
		{326DC114-9BCD-4A0F-89A6-77304166BF59}.Debug|Any CPU.ActiveCfg = Debug|Any CPU
		{326DC114-9BCD-4A0F-89A6-77304166BF59}.Debug|Any CPU.Build.0 = Debug|Any CPU
		{326DC114-9BCD-4A0F-89A6-77304166BF59}.Release|Any CPU.ActiveCfg = Release|Any CPU
		{326DC114-9BCD-4A0F-89A6-77304166BF59}.Release|Any CPU.Build.0 = Release|Any CPU
		{8A0DBA11-CE94-4B79-B4EA-E16CD812FA5C}.Debug|Any CPU.ActiveCfg = Debug|Any CPU
		{8A0DBA11-CE94-4B79-B4EA-E16CD812FA5C}.Debug|Any CPU.Build.0 = Debug|Any CPU
		{8A0DBA11-CE94-4B79-B4EA-E16CD812FA5C}.Release|Any CPU.ActiveCfg = Release|Any CPU
		{8A0DBA11-CE94-4B79-B4EA-E16CD812FA5C}.Release|Any CPU.Build.0 = Release|Any CPU
		{3D981BBA-841E-4A33-9E1F-CB06FFB38D2F}.Debug|Any CPU.ActiveCfg = Debug|Any CPU
		{3D981BBA-841E-4A33-9E1F-CB06FFB38D2F}.Debug|Any CPU.Build.0 = Debug|Any CPU
		{3D981BBA-841E-4A33-9E1F-CB06FFB38D2F}.Release|Any CPU.ActiveCfg = Release|Any CPU
		{3D981BBA-841E-4A33-9E1F-CB06FFB38D2F}.Release|Any CPU.Build.0 = Release|Any CPU
		{4A3F7433-6126-42B9-8B32-9974D9D8A0A9}.Debug|Any CPU.ActiveCfg = Debug|Any CPU
		{4A3F7433-6126-42B9-8B32-9974D9D8A0A9}.Debug|Any CPU.Build.0 = Debug|Any CPU
		{4A3F7433-6126-42B9-8B32-9974D9D8A0A9}.Release|Any CPU.ActiveCfg = Release|Any CPU
		{4A3F7433-6126-42B9-8B32-9974D9D8A0A9}.Release|Any CPU.Build.0 = Release|Any CPU
	EndGlobalSection
	GlobalSection(SolutionProperties) = preSolution
		HideSolutionNode = FALSE
	EndGlobalSection
	GlobalSection(ExtensibilityGlobals) = postSolution
		SolutionGuid = {98D03432-CDD7-42B6-B425-9BE9AEB97D06}
	EndGlobalSection
EndGlobal
